<?xml version="1.0" encoding="utf-8"?>
<Project ToolsVersion="4.0" xmlns="http://schemas.microsoft.com/developer/msbuild/2003">
  <ItemGroup>
    <Filter Include="Source Files">
      <UniqueIdentifier>{4FC737F1-C7A5-4376-A066-2A32D752A2FF}</UniqueIdentifier>
      <Extensions>cpp;c;cc;cxx;def;odl;idl;hpj;bat;asm;asmx</Extensions>
    </Filter>
    <Filter Include="Resource Files">
      <UniqueIdentifier>{67DA6AB6-F800-4c08-8B7A-83BB121AAD01}</UniqueIdentifier>
      <Extensions>rc;ico;cur;bmp;dlg;rc2;rct;bin;rgs;gif;jpg;jpeg;jpe;resx;tiff;tif;png;wav;mfcribbon-ms</Extensions>
    </Filter>
    <Filter Include="Source Files\Hooking">
      <UniqueIdentifier>{a65e08ec-37ea-4ed4-8ee3-8ecc28056423}</UniqueIdentifier>
    </Filter>
    <Filter Include="Source Files\Hooking\IAT">
      <UniqueIdentifier>{87ddc0d9-b283-4fe7-8348-43bee1a8a837}</UniqueIdentifier>
    </Filter>
    <Filter Include="Source Files\Hooking\VMT">
      <UniqueIdentifier>{389cf321-996e-43cf-82f6-789f9eb8ac35}</UniqueIdentifier>
    </Filter>
    <Filter Include="Source Files\Utils">
      <UniqueIdentifier>{6fbfd59a-e260-470d-a714-8093cc455582}</UniqueIdentifier>
    </Filter>
    <Filter Include="Source Files\Settings">
      <UniqueIdentifier>{6055dfd2-1368-4970-b576-f56584a9ecb4}</UniqueIdentifier>
    </Filter>
    <Filter Include="Source Files\Hooks">
      <UniqueIdentifier>{b9e8a7d2-80e0-4f78-abf8-7356577c8106}</UniqueIdentifier>
    </Filter>
  </ItemGroup>
  <ItemGroup>
    <ClCompile Include="dllmain.cpp">
      <Filter>Source Files</Filter>
    </ClCompile>
    <ClCompile Include="IAT.cpp">
      <Filter>Source Files\Hooking\IAT</Filter>
    </ClCompile>
    <ClCompile Include="VMT.cpp">
      <Filter>Source Files\Hooking\VMT</Filter>
    </ClCompile>
    <ClCompile Include="CLog.cpp">
      <Filter>Source Files\Utils</Filter>
    </ClCompile>
    <ClCompile Include="Utils.cpp">
      <Filter>Source Files\Utils</Filter>
    </ClCompile>
    <ClCompile Include="Settings.cpp">
      <Filter>Source Files\Settings</Filter>
    </ClCompile>
    <ClCompile Include="RID.cpp">
      <Filter>Source Files\Hooks</Filter>
    </ClCompile>
    <ClCompile Include="D3D.cpp">
      <Filter>Source Files\Hooks</Filter>
    </ClCompile>
  </ItemGroup>
  <ItemGroup>
    <ClInclude Include="IAT.h">
      <Filter>Source Files\Hooking\IAT</Filter>
    </ClInclude>
    <ClInclude Include="VMT.h">
      <Filter>Source Files\Hooking\VMT</Filter>
    </ClInclude>
    <ClInclude Include="CLog.h">
      <Filter>Source Files\Utils</Filter>
    </ClInclude>
    <ClInclude Include="Singleton.h">
      <Filter>Source Files\Utils</Filter>
    </ClInclude>
    <ClInclude Include="Utils.h">
      <Filter>Source Files\Utils</Filter>
    </ClInclude>
    <ClInclude Include="Settings.h">
      <Filter>Source Files\Settings</Filter>
    </ClInclude>
    <ClInclude Include="D3D.h">
      <Filter>Source Files\Hooks</Filter>
    </ClInclude>
    <ClInclude Include="RID.h">
      <Filter>Source Files\Hooks</Filter>
    </ClInclude>
  </ItemGroup>
</Project>